// !$*UTF8*$!
{
	archiveVersion = 1;
	classes = {
	};
	objectVersion = 55;
	objects = {

/* Begin PBXBuildFile section */
		A06E25F427BBE3E6008FD0A0 /* AppDelegate.swift in Sources */ = {isa = PBXBuildFile; fileRef = A06E25F327BBE3E6008FD0A0 /* AppDelegate.swift */; };
		A06E25F627BBE3E6008FD0A0 /* SceneDelegate.swift in Sources */ = {isa = PBXBuildFile; fileRef = A06E25F527BBE3E6008FD0A0 /* SceneDelegate.swift */; };
		A06E25F827BBE3E6008FD0A0 /* MainViewController.swift in Sources */ = {isa = PBXBuildFile; fileRef = A06E25F727BBE3E6008FD0A0 /* MainViewController.swift */; };
		A06E25FD27BBE3E8008FD0A0 /* Assets.xcassets in Resources */ = {isa = PBXBuildFile; fileRef = A06E25FC27BBE3E8008FD0A0 /* Assets.xcassets */; };
		A06E260027BBE3E8008FD0A0 /* LaunchScreen.storyboard in Resources */ = {isa = PBXBuildFile; fileRef = A06E25FE27BBE3E8008FD0A0 /* LaunchScreen.storyboard */; };
		A06E260A27BBE5B1008FD0A0 /* UIViewController + Extension.swift in Sources */ = {isa = PBXBuildFile; fileRef = A06E260927BBE5B1008FD0A0 /* UIViewController + Extension.swift */; };
		A06E260F27BBE73E008FD0A0 /* TaskTableViewCell.swift in Sources */ = {isa = PBXBuildFile; fileRef = A06E260E27BBE73E008FD0A0 /* TaskTableViewCell.swift */; };
		A06E261127BBE78A008FD0A0 /* UIView + Extension.swift in Sources */ = {isa = PBXBuildFile; fileRef = A06E261027BBE78A008FD0A0 /* UIView + Extension.swift */; };
		A06E261827BBEDAC008FD0A0 /* TaskCompositeProtocol.swift in Sources */ = {isa = PBXBuildFile; fileRef = A06E261727BBEDAC008FD0A0 /* TaskCompositeProtocol.swift */; };
		A06E261A27BBEDF8008FD0A0 /* Task.swift in Sources */ = {isa = PBXBuildFile; fileRef = A06E261927BBEDF8008FD0A0 /* Task.swift */; };
		A06E262027BBF71E008FD0A0 /* TaskViewController.swift in Sources */ = {isa = PBXBuildFile; fileRef = A06E261F27BBF71E008FD0A0 /* TaskViewController.swift */; };
		A06E262227BBF763008FD0A0 /* TaskCellViewModel.swift in Sources */ = {isa = PBXBuildFile; fileRef = A06E262127BBF763008FD0A0 /* TaskCellViewModel.swift */; };
		A06E262627BBF7CB008FD0A0 /* TaskCellModelFactory.swift in Sources */ = {isa = PBXBuildFile; fileRef = A06E262527BBF7CB008FD0A0 /* TaskCellModelFactory.swift */; };
/* End PBXBuildFile section */

/* Begin PBXFileReference section */
		A06E25F027BBE3E6008FD0A0 /* ToDoList.app */ = {isa = PBXFileReference; explicitFileType = wrapper.application; includeInIndex = 0; path = ToDoList.app; sourceTree = BUILT_PRODUCTS_DIR; };
		A06E25F327BBE3E6008FD0A0 /* AppDelegate.swift */ = {isa = PBXFileReference; lastKnownFileType = sourcecode.swift; path = AppDelegate.swift; sourceTree = "<group>"; };
		A06E25F527BBE3E6008FD0A0 /* SceneDelegate.swift */ = {isa = PBXFileReference; lastKnownFileType = sourcecode.swift; path = SceneDelegate.swift; sourceTree = "<group>"; };
		A06E25F727BBE3E6008FD0A0 /* MainViewController.swift */ = {isa = PBXFileReference; lastKnownFileType = sourcecode.swift; path = MainViewController.swift; sourceTree = "<group>"; };
		A06E25FC27BBE3E8008FD0A0 /* Assets.xcassets */ = {isa = PBXFileReference; lastKnownFileType = folder.assetcatalog; path = Assets.xcassets; sourceTree = "<group>"; };
		A06E25FF27BBE3E8008FD0A0 /* Base */ = {isa = PBXFileReference; lastKnownFileType = file.storyboard; name = Base; path = Base.lproj/LaunchScreen.storyboard; sourceTree = "<group>"; };
		A06E260127BBE3E8008FD0A0 /* Info.plist */ = {isa = PBXFileReference; lastKnownFileType = text.plist.xml; path = Info.plist; sourceTree = "<group>"; };
		A06E260927BBE5B1008FD0A0 /* UIViewController + Extension.swift */ = {isa = PBXFileReference; lastKnownFileType = sourcecode.swift; path = "UIViewController + Extension.swift"; sourceTree = "<group>"; };
		A06E260E27BBE73E008FD0A0 /* TaskTableViewCell.swift */ = {isa = PBXFileReference; lastKnownFileType = sourcecode.swift; path = TaskTableViewCell.swift; sourceTree = "<group>"; tabWidth = 5; };
		A06E261027BBE78A008FD0A0 /* UIView + Extension.swift */ = {isa = PBXFileReference; lastKnownFileType = sourcecode.swift; path = "UIView + Extension.swift"; sourceTree = "<group>"; };
		A06E261727BBEDAC008FD0A0 /* TaskCompositeProtocol.swift */ = {isa = PBXFileReference; lastKnownFileType = sourcecode.swift; path = TaskCompositeProtocol.swift; sourceTree = "<group>"; };
		A06E261927BBEDF8008FD0A0 /* Task.swift */ = {isa = PBXFileReference; lastKnownFileType = sourcecode.swift; path = Task.swift; sourceTree = "<group>"; };
		A06E261F27BBF71E008FD0A0 /* TaskViewController.swift */ = {isa = PBXFileReference; lastKnownFileType = sourcecode.swift; path = TaskViewController.swift; sourceTree = "<group>"; };
		A06E262127BBF763008FD0A0 /* TaskCellViewModel.swift */ = {isa = PBXFileReference; lastKnownFileType = sourcecode.swift; path = TaskCellViewModel.swift; sourceTree = "<group>"; };
		A06E262527BBF7CB008FD0A0 /* TaskCellModelFactory.swift */ = {isa = PBXFileReference; lastKnownFileType = sourcecode.swift; path = TaskCellModelFactory.swift; sourceTree = "<group>"; };
/* End PBXFileReference section */

/* Begin PBXFrameworksBuildPhase section */
		A06E25ED27BBE3E6008FD0A0 /* Frameworks */ = {
			isa = PBXFrameworksBuildPhase;
			buildActionMask = 2147483647;
			files = (
			);
			runOnlyForDeploymentPostprocessing = 0;
		};
/* End PBXFrameworksBuildPhase section */

/* Begin PBXGroup section */
		A06E25E727BBE3E6008FD0A0 = {
			isa = PBXGroup;
			children = (
				A06E25F227BBE3E6008FD0A0 /* ToDoList */,
				A06E25F127BBE3E6008FD0A0 /* Products */,
			);
			sourceTree = "<group>";
		};
		A06E25F127BBE3E6008FD0A0 /* Products */ = {
			isa = PBXGroup;
			children = (
				A06E25F027BBE3E6008FD0A0 /* ToDoList.app */,
			);
			name = Products;
			sourceTree = "<group>";
		};
		A06E25F227BBE3E6008FD0A0 /* ToDoList */ = {
			isa = PBXGroup;
			children = (
				A06E261627BBED8C008FD0A0 /* Composite */,
				A06E261527BBEB07008FD0A0 /* Application */,
				A06E260C27BBE72B008FD0A0 /* Views */,
				A06E261E27BBF33A008FD0A0 /* Controllers */,
				A06E260727BBE597008FD0A0 /* Extension */,
				A06E25FC27BBE3E8008FD0A0 /* Assets.xcassets */,
				A06E25FE27BBE3E8008FD0A0 /* LaunchScreen.storyboard */,
				A06E260127BBE3E8008FD0A0 /* Info.plist */,
			);
			path = ToDoList;
			sourceTree = "<group>";
		};
		A06E260727BBE597008FD0A0 /* Extension */ = {
			isa = PBXGroup;
			children = (
				A06E260827BBE5A2008FD0A0 /* UIKit */,
			);
			path = Extension;
			sourceTree = "<group>";
		};
		A06E260827BBE5A2008FD0A0 /* UIKit */ = {
			isa = PBXGroup;
			children = (
				A06E260927BBE5B1008FD0A0 /* UIViewController + Extension.swift */,
				A06E261027BBE78A008FD0A0 /* UIView + Extension.swift */,
			);
			path = UIKit;
			sourceTree = "<group>";
		};
		A06E260C27BBE72B008FD0A0 /* Views */ = {
			isa = PBXGroup;
			children = (
				A06E260D27BBE735008FD0A0 /* Cell */,
			);
			path = Views;
			sourceTree = "<group>";
		};
		A06E260D27BBE735008FD0A0 /* Cell */ = {
			isa = PBXGroup;
			children = (
				A06E260E27BBE73E008FD0A0 /* TaskTableViewCell.swift */,
				A06E262427BBF7B3008FD0A0 /* Factory */,
				A06E262327BBF7AA008FD0A0 /* ViewModel */,
			);
			path = Cell;
			sourceTree = "<group>";
		};
		A06E261527BBEB07008FD0A0 /* Application */ = {
			isa = PBXGroup;
			children = (
				A06E25F327BBE3E6008FD0A0 /* AppDelegate.swift */,
				A06E25F527BBE3E6008FD0A0 /* SceneDelegate.swift */,
			);
			path = Application;
			sourceTree = "<group>";
		};
		A06E261627BBED8C008FD0A0 /* Composite */ = {
			isa = PBXGroup;
			children = (
				A06E261727BBEDAC008FD0A0 /* TaskCompositeProtocol.swift */,
				A06E261927BBEDF8008FD0A0 /* Task.swift */,
			);
			path = Composite;
			sourceTree = "<group>";
		};
		A06E261E27BBF33A008FD0A0 /* Controllers */ = {
			isa = PBXGroup;
			children = (
				A06E25F727BBE3E6008FD0A0 /* MainViewController.swift */,
				A06E261F27BBF71E008FD0A0 /* TaskViewController.swift */,
			);
			path = Controllers;
			sourceTree = "<group>";
		};
		A06E262327BBF7AA008FD0A0 /* ViewModel */ = {
			isa = PBXGroup;
			children = (
				A06E262127BBF763008FD0A0 /* TaskCellViewModel.swift */,
			);
			path = ViewModel;
			sourceTree = "<group>";
		};
		A06E262427BBF7B3008FD0A0 /* Factory */ = {
			isa = PBXGroup;
			children = (
				A06E262527BBF7CB008FD0A0 /* TaskCellModelFactory.swift */,
			);
			path = Factory;
			sourceTree = "<group>";
		};
/* End PBXGroup section */

/* Begin PBXNativeTarget section */
		A06E25EF27BBE3E6008FD0A0 /* ToDoList */ = {
			isa = PBXNativeTarget;
			buildConfigurationList = A06E260427BBE3E8008FD0A0 /* Build configuration list for PBXNativeTarget "ToDoList" */;
			buildPhases = (
				A06E25EC27BBE3E6008FD0A0 /* Sources */,
				A06E25ED27BBE3E6008FD0A0 /* Frameworks */,
				A06E25EE27BBE3E6008FD0A0 /* Resources */,
			);
			buildRules = (
			);
			dependencies = (
			);
			name = ToDoList;
			productName = ToDoList;
			productReference = A06E25F027BBE3E6008FD0A0 /* ToDoList.app */;
			productType = "com.apple.product-type.application";
		};
/* End PBXNativeTarget section */

/* Begin PBXProject section */
		A06E25E827BBE3E6008FD0A0 /* Project object */ = {
			isa = PBXProject;
			attributes = {
				BuildIndependentTargetsInParallel = 1;
				LastSwiftUpdateCheck = 1320;
				LastUpgradeCheck = 1320;
				TargetAttributes = {
					A06E25EF27BBE3E6008FD0A0 = {
						CreatedOnToolsVersion = 13.2.1;
					};
				};
			};
			buildConfigurationList = A06E25EB27BBE3E6008FD0A0 /* Build configuration list for PBXProject "ToDoList" */;
			compatibilityVersion = "Xcode 13.0";
			developmentRegion = en;
			hasScannedForEncodings = 0;
			knownRegions = (
				en,
				Base,
			);
			mainGroup = A06E25E727BBE3E6008FD0A0;
			productRefGroup = A06E25F127BBE3E6008FD0A0 /* Products */;
			projectDirPath = "";
			projectRoot = "";
			targets = (
				A06E25EF27BBE3E6008FD0A0 /* ToDoList */,
			);
		};
/* End PBXProject section */

/* Begin PBXResourcesBuildPhase section */
		A06E25EE27BBE3E6008FD0A0 /* Resources */ = {
			isa = PBXResourcesBuildPhase;
			buildActionMask = 2147483647;
			files = (
				A06E260027BBE3E8008FD0A0 /* LaunchScreen.storyboard in Resources */,
				A06E25FD27BBE3E8008FD0A0 /* Assets.xcassets in Resources */,
			);
			runOnlyForDeploymentPostprocessing = 0;
		};
/* End PBXResourcesBuildPhase section */

/* Begin PBXSourcesBuildPhase section */
		A06E25EC27BBE3E6008FD0A0 /* Sources */ = {
			isa = PBXSourcesBuildPhase;
			buildActionMask = 2147483647;
			files = (
				A06E261A27BBEDF8008FD0A0 /* Task.swift in Sources */,
				A06E260A27BBE5B1008FD0A0 /* UIViewController + Extension.swift in Sources */,
				A06E25F827BBE3E6008FD0A0 /* MainViewController.swift in Sources */,
				A06E261127BBE78A008FD0A0 /* UIView + Extension.swift in Sources */,
				A06E261827BBEDAC008FD0A0 /* TaskCompositeProtocol.swift in Sources */,
				A06E260F27BBE73E008FD0A0 /* TaskTableViewCell.swift in Sources */,
				A06E25F427BBE3E6008FD0A0 /* AppDelegate.swift in Sources */,
				A06E25F627BBE3E6008FD0A0 /* SceneDelegate.swift in Sources */,
				A06E262027BBF71E008FD0A0 /* TaskViewController.swift in Sources */,
				A06E262227BBF763008FD0A0 /* TaskCellViewModel.swift in Sources */,
				A06E262627BBF7CB008FD0A0 /* TaskCellModelFactory.swift in Sources */,
			);
			runOnlyForDeploymentPostprocessing = 0;
		};
/* End PBXSourcesBuildPhase section */

/* Begin PBXVariantGroup section */
		A06E25FE27BBE3E8008FD0A0 /* LaunchScreen.storyboard */ = {
			isa = PBXVariantGroup;
			children = (
				A06E25FF27BBE3E8008FD0A0 /* Base */,
			);
			name = LaunchScreen.storyboard;
			sourceTree = "<group>";
		};
/* End PBXVariantGroup section */

/* Begin XCBuildConfiguration section */
		A06E260227BBE3E8008FD0A0 /* Debug */ = {
			isa = XCBuildConfiguration;
			buildSettings = {
				ALWAYS_SEARCH_USER_PATHS = NO;
				CLANG_ANALYZER_NONNULL = YES;
				CLANG_ANALYZER_NUMBER_OBJECT_CONVERSION = YES_AGGRESSIVE;
				CLANG_CXX_LANGUAGE_STANDARD = "gnu++17";
				CLANG_CXX_LIBRARY = "libc++";
				CLANG_ENABLE_MODULES = YES;
				CLANG_ENABLE_OBJC_ARC = YES;
				CLANG_ENABLE_OBJC_WEAK = YES;
				CLANG_WARN_BLOCK_CAPTURE_AUTORELEASING = YES;
				CLANG_WARN_BOOL_CONVERSION = YES;
				CLANG_WARN_COMMA = YES;
				CLANG_WARN_CONSTANT_CONVERSION = YES;
				CLANG_WARN_DEPRECATED_OBJC_IMPLEMENTATIONS = YES;
				CLANG_WARN_DIRECT_OBJC_ISA_USAGE = YES_ERROR;
				CLANG_WARN_DOCUMENTATION_COMMENTS = YES;
				CLANG_WARN_EMPTY_BODY = YES;
				CLANG_WARN_ENUM_CONVERSION = YES;
				CLANG_WARN_INFINITE_RECURSION = YES;
				CLANG_WARN_INT_CONVERSION = YES;
				CLANG_WARN_NON_LITERAL_NULL_CONVERSION = YES;
				CLANG_WARN_OBJC_IMPLICIT_RETAIN_SELF = YES;
				CLANG_WARN_OBJC_LITERAL_CONVERSION = YES;
				CLANG_WARN_OBJC_ROOT_CLASS = YES_ERROR;
				CLANG_WARN_QUOTED_INCLUDE_IN_FRAMEWORK_HEADER = YES;
				CLANG_WARN_RANGE_LOOP_ANALYSIS = YES;
				CLANG_WARN_STRICT_PROTOTYPES = YES;
				CLANG_WARN_SUSPICIOUS_MOVE = YES;
				CLANG_WARN_UNGUARDED_AVAILABILITY = YES_AGGRESSIVE;
				CLANG_WARN_UNREACHABLE_CODE = YES;
				CLANG_WARN__DUPLICATE_METHOD_MATCH = YES;
				COPY_PHASE_STRIP = NO;
				DEBUG_INFORMATION_FORMAT = dwarf;
				ENABLE_STRICT_OBJC_MSGSEND = YES;
				ENABLE_TESTABILITY = YES;
				GCC_C_LANGUAGE_STANDARD = gnu11;
				GCC_DYNAMIC_NO_PIC = NO;
				GCC_NO_COMMON_BLOCKS = YES;
				GCC_OPTIMIZATION_LEVEL = 0;
				GCC_PREPROCESSOR_DEFINITIONS = (
					"DEBUG=1",
					"$(inherited)",
				);
				GCC_WARN_64_TO_32_BIT_CONVERSION = YES;
				GCC_WARN_ABOUT_RETURN_TYPE = YES_ERROR;
				GCC_WARN_UNDECLARED_SELECTOR = YES;
				GCC_WARN_UNINITIALIZED_AUTOS = YES_AGGRESSIVE;
				GCC_WARN_UNUSED_FUNCTION = YES;
				GCC_WARN_UNUSED_VARIABLE = YES;
				IPHONEOS_DEPLOYMENT_TARGET = 15.2;
				MTL_ENABLE_DEBUG_INFO = INCLUDE_SOURCE;
				MTL_FAST_MATH = YES;
				ONLY_ACTIVE_ARCH = YES;
				SDKROOT = iphoneos;
				SWIFT_ACTIVE_COMPILATION_CONDITIONS = DEBUG;
				SWIFT_OPTIMIZATION_LEVEL = "-Onone";
			};
			name = Debug;
		};
		A06E260327BBE3E8008FD0A0 /* Release */ = {
			isa = XCBuildConfiguration;
			buildSettings = {
				ALWAYS_SEARCH_USER_PATHS = NO;
				CLANG_ANALYZER_NONNULL = YES;
				CLANG_ANALYZER_NUMBER_OBJECT_CONVERSION = YES_AGGRESSIVE;
				CLANG_CXX_LANGUAGE_STANDARD = "gnu++17";
				CLANG_CXX_LIBRARY = "libc++";
				CLANG_ENABLE_MODULES = YES;
				CLANG_ENABLE_OBJC_ARC = YES;
				CLANG_ENABLE_OBJC_WEAK = YES;
				CLANG_WARN_BLOCK_CAPTURE_AUTORELEASING = YES;
				CLANG_WARN_BOOL_CONVERSION = YES;
				CLANG_WARN_COMMA = YES;
				CLANG_WARN_CONSTANT_CONVERSION = YES;
				CLANG_WARN_DEPRECATED_OBJC_IMPLEMENTATIONS = YES;
				CLANG_WARN_DIRECT_OBJC_ISA_USAGE = YES_ERROR;
				CLANG_WARN_DOCUMENTATION_COMMENTS = YES;
				CLANG_WARN_EMPTY_BODY = YES;
				CLANG_WARN_ENUM_CONVERSION = YES;
				CLANG_WARN_INFINITE_RECURSION = YES;
				CLANG_WARN_INT_CONVERSION = YES;
				CLANG_WARN_NON_LITERAL_NULL_CONVERSION = YES;
				CLANG_WARN_OBJC_IMPLICIT_RETAIN_SELF = YES;
				CLANG_WARN_OBJC_LITERAL_CONVERSION = YES;
				CLANG_WARN_OBJC_ROOT_CLASS = YES_ERROR;
				CLANG_WARN_QUOTED_INCLUDE_IN_FRAMEWORK_HEADER = YES;
				CLANG_WARN_RANGE_LOOP_ANALYSIS = YES;
				CLANG_WARN_STRICT_PROTOTYPES = YES;
				CLANG_WARN_SUSPICIOUS_MOVE = YES;
				CLANG_WARN_UNGUARDED_AVAILABILITY = YES_AGGRESSIVE;
				CLANG_WARN_UNREACHABLE_CODE = YES;
				CLANG_WARN__DUPLICATE_METHOD_MATCH = YES;
				COPY_PHASE_STRIP = NO;
				DEBUG_INFORMATION_FORMAT = "dwarf-with-dsym";
				ENABLE_NS_ASSERTIONS = NO;
				ENABLE_STRICT_OBJC_MSGSEND = YES;
				GCC_C_LANGUAGE_STANDARD = gnu11;
				GCC_NO_COMMON_BLOCKS = YES;
				GCC_WARN_64_TO_32_BIT_CONVERSION = YES;
				GCC_WARN_ABOUT_RETURN_TYPE = YES_ERROR;
				GCC_WARN_UNDECLARED_SELECTOR = YES;
				GCC_WARN_UNINITIALIZED_AUTOS = YES_AGGRESSIVE;
				GCC_WARN_UNUSED_FUNCTION = YES;
				GCC_WARN_UNUSED_VARIABLE = YES;
				IPHONEOS_DEPLOYMENT_TARGET = 15.2;
				MTL_ENABLE_DEBUG_INFO = NO;
				MTL_FAST_MATH = YES;
				SDKROOT = iphoneos;
				SWIFT_COMPILATION_MODE = wholemodule;
				SWIFT_OPTIMIZATION_LEVEL = "-O";
				VALIDATE_PRODUCT = YES;
			};
			name = Release;
		};
		A06E260527BBE3E8008FD0A0 /* Debug */ = {
			isa = XCBuildConfiguration;
			buildSettings = {
				ASSETCATALOG_COMPILER_APPICON_NAME = AppIcon;
				ASSETCATALOG_COMPILER_GLOBAL_ACCENT_COLOR_NAME = AccentColor;
				CODE_SIGN_STYLE = Automatic;
				CURRENT_PROJECT_VERSION = 1;
				DEVELOPMENT_TEAM = 2DR6VCAQ4L;
				GENERATE_INFOPLIST_FILE = YES;
				INFOPLIST_FILE = ToDoList/Info.plist;
				INFOPLIST_KEY_UIApplicationSupportsIndirectInputEvents = YES;
				INFOPLIST_KEY_UILaunchStoryboardName = LaunchScreen;
				INFOPLIST_KEY_UISupportedInterfaceOrientations_iPad = "UIInterfaceOrientationPortrait UIInterfaceOrientationPortraitUpsideDown UIInterfaceOrientationLandscapeLeft UIInterfaceOrientationLandscapeRight";
				INFOPLIST_KEY_UISupportedInterfaceOrientations_iPhone = "UIInterfaceOrientationPortrait UIInterfaceOrientationLandscapeLeft UIInterfaceOrientationLandscapeRight";
				LD_RUNPATH_SEARCH_PATHS = (
					"$(inherited)",
					"@executable_path/Frameworks",
				);
				MARKETING_VERSION = 1.0;
				PRODUCT_BUNDLE_IDENTIFIER = pK.ToDoList;
				PRODUCT_NAME = "$(TARGET_NAME)";
				SWIFT_EMIT_LOC_STRINGS = YES;
				SWIFT_VERSION = 5.0;
				TARGETED_DEVICE_FAMILY = 1;
			};
			name = Debug;
		};
		A06E260627BBE3E8008FD0A0 /* Release */ = {
			isa = XCBuildConfiguration;
			buildSettings = {
				ASSETCATALOG_COMPILER_APPICON_NAME = AppIcon;
				ASSETCATALOG_COMPILER_GLOBAL_ACCENT_COLOR_NAME = AccentColor;
				CODE_SIGN_STYLE = Automatic;
				CURRENT_PROJECT_VERSION = 1;
				DEVELOPMENT_TEAM = 2DR6VCAQ4L;
				GENERATE_INFOPLIST_FILE = YES;
				INFOPLIST_FILE = ToDoList/Info.plist;
				INFOPLIST_KEY_UIApplicationSupportsIndirectInputEvents = YES;
				INFOPLIST_KEY_UILaunchStoryboardName = LaunchScreen;
				INFOPLIST_KEY_UISupportedInterfaceOrientations_iPad = "UIInterfaceOrientationPortrait UIInterfaceOrientationPortraitUpsideDown UIInterfaceOrientationLandscapeLeft UIInterfaceOrientationLandscapeRight";
				INFOPLIST_KEY_UISupportedInterfaceOrientations_iPhone = "UIInterfaceOrientationPortrait UIInterfaceOrientationLandscapeLeft UIInterfaceOrientationLandscapeRight";
				LD_RUNPATH_SEARCH_PATHS = (
					"$(inherited)",
					"@executable_path/Frameworks",
				);
				MARKETING_VERSION = 1.0;
				PRODUCT_BUNDLE_IDENTIFIER = pK.ToDoList;
				PRODUCT_NAME = "$(TARGET_NAME)";
				SWIFT_EMIT_LOC_STRINGS = YES;
				SWIFT_VERSION = 5.0;
				TARGETED_DEVICE_FAMILY = 1;
			};
			name = Release;
		};
/* End XCBuildConfiguration section */

/* Begin XCConfigurationList section */
		A06E25EB27BBE3E6008FD0A0 /* Build configuration list for PBXProject "ToDoList" */ = {
			isa = XCConfigurationList;
			buildConfigurations = (
				A06E260227BBE3E8008FD0A0 /* Debug */,
				A06E260327BBE3E8008FD0A0 /* Release */,
			);
			defaultConfigurationIsVisible = 0;
			defaultConfigurationName = Release;
		};
		A06E260427BBE3E8008FD0A0 /* Build configuration list for PBXNativeTarget "ToDoList" */ = {
			isa = XCConfigurationList;
			buildConfigurations = (
				A06E260527BBE3E8008FD0A0 /* Debug */,
				A06E260627BBE3E8008FD0A0 /* Release */,
			);
			defaultConfigurationIsVisible = 0;
			defaultConfigurationName = Release;
		};
/* End XCConfigurationList section */
	};
	rootObject = A06E25E827BBE3E6008FD0A0 /* Project object */;
}
